
Microsoft Visual Studio Solution File, Format Version 12.00
# Visual Studio Version 17
VisualStudioVersion = 17.13.35919.96 d17.13
MinimumVisualStudioVersion = 10.0.40219.1
Project("{FAE04EC0-301F-11D3-BF4B-00C04F79EFBC}") = "StaminaProject", "StaminaProject.csproj", "{DDE12836-705C-4C9C-9C88-2CC5F5C9723E}"
EndProject
Global
	GlobalSection(SolutionConfigurationPlatforms) = preSolution
		Debug|Any CPU = Debug|Any CPU
		Release|Any CPU = Release|Any CPU
	EndGlobalSection
	GlobalSection(ProjectConfigurationPlatforms) = postSolution
		{DDE12836-705C-4C9C-9C88-2CC5F5C9723E}.Debug|Any CPU.ActiveCfg = Debug|Any CPU
		{DDE12836-705C-4C9C-9C88-2CC5F5C9723E}.Debug|Any CPU.Build.0 = Debug|Any CPU
		{DDE12836-705C-4C9C-9C88-2CC5F5C9723E}.Release|Any CPU.ActiveCfg = Release|Any CPU
		{DDE12836-705C-4C9C-9C88-2CC5F5C9723E}.Release|Any CPU.Build.0 = Release|Any CPU
	EndGlobalSection
	GlobalSection(SolutionProperties) = preSolution
		HideSolutionNode = FALSE
	EndGlobalSection
	GlobalSection(ExtensibilityGlobals) = postSolution
		SolutionGuid = {AB1B74D8-1860-4105-B6CA-FF9888644108}
	EndGlobalSection
EndGlobal
